
Microsoft Visual Studio Solution File, Format Version 12.00
# Visual Studio Version 17
VisualStudioVersion = 17.13.35919.96 d17.13
MinimumVisualStudioVersion = 10.0.40219.1
Project("{FAE04EC0-301F-11D3-BF4B-00C04F79EFBC}") = "schedule", "schedule\schedule.csproj", "{C2980277-8323-4AAC-8AEE-4D40DF0912AB}"
EndProject
Global
	GlobalSection(SolutionConfigurationPlatforms) = preSolution
		Debug|Any CPU = Debug|Any CPU
		Release|Any CPU = Release|Any CPU
	EndGlobalSection
	GlobalSection(ProjectConfigurationPlatforms) = postSolution
		{C2980277-8323-4AAC-8AEE-4D40DF0912AB}.Debug|Any CPU.ActiveCfg = Debug|Any CPU
		{C2980277-8323-4AAC-8AEE-4D40DF0912AB}.Debug|Any CPU.Build.0 = Debug|Any CPU
		{C2980277-8323-4AAC-8AEE-4D40DF0912AB}.Release|Any CPU.ActiveCfg = Release|Any CPU
		{C2980277-8323-4AAC-8AEE-4D40DF0912AB}.Release|Any CPU.Build.0 = Release|Any CPU
	EndGlobalSection
	GlobalSection(SolutionProperties) = preSolution
		HideSolutionNode = FALSE
	EndGlobalSection
	GlobalSection(ExtensibilityGlobals) = postSolution
		SolutionGuid = {D1999756-342A-46D9-9420-582392EA9D36}
	EndGlobalSection
EndGlobal
